
Microsoft Visual Studio Solution File, Format Version 12.00
# Visual Studio 14
VisualStudioVersion = 14.0.25420.1
MinimumVisualStudioVersion = 10.0.40219.1
Project("{FAE04EC0-301F-11D3-BF4B-00C04F79EFBC}") = "BibliotecaClases", "BibliotecaClases\BibliotecaClases.csproj", "{0265447E-5D4E-40F9-9FCD-B68D91698149}"
EndProject
Project("{FAE04EC0-301F-11D3-BF4B-00C04F79EFBC}") = "BiblioApp", "BiblioApp\BiblioApp.csproj", "{10951CEA-B423-484B-A2D3-BA38F7A41337}"
EndProject
Global
	GlobalSection(SolutionConfigurationPlatforms) = preSolution
		Debug|Any CPU = Debug|Any CPU
		Release|Any CPU = Release|Any CPU
	EndGlobalSection
	GlobalSection(ProjectConfigurationPlatforms) = postSolution
		{0265447E-5D4E-40F9-9FCD-B68D91698149}.Debug|Any CPU.ActiveCfg = Debug|Any CPU
		{0265447E-5D4E-40F9-9FCD-B68D91698149}.Debug|Any CPU.Build.0 = Debug|Any CPU
		{0265447E-5D4E-40F9-9FCD-B68D91698149}.Release|Any CPU.ActiveCfg = Release|Any CPU
		{0265447E-5D4E-40F9-9FCD-B68D91698149}.Release|Any CPU.Build.0 = Release|Any CPU
		{10951CEA-B423-484B-A2D3-BA38F7A41337}.Debug|Any CPU.ActiveCfg = Debug|Any CPU
		{10951CEA-B423-484B-A2D3-BA38F7A41337}.Debug|Any CPU.Build.0 = Debug|Any CPU
		{10951CEA-B423-484B-A2D3-BA38F7A41337}.Release|Any CPU.ActiveCfg = Release|Any CPU
		{10951CEA-B423-484B-A2D3-BA38F7A41337}.Release|Any CPU.Build.0 = Release|Any CPU
	EndGlobalSection
	GlobalSection(SolutionProperties) = preSolution
		HideSolutionNode = FALSE
	EndGlobalSection
EndGlobal
